
Microsoft Visual Studio Solution File, Format Version 12.00
# Visual Studio Version 16
VisualStudioVersion = 16.0.30413.136
MinimumVisualStudioVersion = 10.0.40219.1
Project("{FAE04EC0-301F-11D3-BF4B-00C04F79EFBC}") = "AITimetable", "AITimetable\AITimetable.csproj", "{94A69830-8BDD-4E17-BF37-F70F29F856E6}"
EndProject
Project("{9A19103F-16F7-4668-BE54-9A1E7A4F7556}") = "LibraryAI", "LibraryAI\LibraryAI.csproj", "{8E5CCBBF-DDAA-47B9-8A32-084C2176A80A}"
EndProject
Global
	GlobalSection(SolutionConfigurationPlatforms) = preSolution
		Debug|Any CPU = Debug|Any CPU
		Release|Any CPU = Release|Any CPU
	EndGlobalSection
	GlobalSection(ProjectConfigurationPlatforms) = postSolution
		{94A69830-8BDD-4E17-BF37-F70F29F856E6}.Debug|Any CPU.ActiveCfg = Debug|Any CPU
		{94A69830-8BDD-4E17-BF37-F70F29F856E6}.Debug|Any CPU.Build.0 = Debug|Any CPU
		{94A69830-8BDD-4E17-BF37-F70F29F856E6}.Release|Any CPU.ActiveCfg = Release|Any CPU
		{94A69830-8BDD-4E17-BF37-F70F29F856E6}.Release|Any CPU.Build.0 = Release|Any CPU
		{8E5CCBBF-DDAA-47B9-8A32-084C2176A80A}.Debug|Any CPU.ActiveCfg = Debug|Any CPU
		{8E5CCBBF-DDAA-47B9-8A32-084C2176A80A}.Debug|Any CPU.Build.0 = Debug|Any CPU
		{8E5CCBBF-DDAA-47B9-8A32-084C2176A80A}.Release|Any CPU.ActiveCfg = Release|Any CPU
		{8E5CCBBF-DDAA-47B9-8A32-084C2176A80A}.Release|Any CPU.Build.0 = Release|Any CPU
	EndGlobalSection
	GlobalSection(SolutionProperties) = preSolution
		HideSolutionNode = FALSE
	EndGlobalSection
	GlobalSection(ExtensibilityGlobals) = postSolution
		SolutionGuid = {EAD3B8C6-95B0-41F7-B3C2-7C1C46FB14FE}
	EndGlobalSection
EndGlobal
